# THIS IS AN AUTOGENERATED FILE. DO NOT EDIT THIS FILE DIRECTLY.
# yarn lockfile v1


create-tamagui@^1.85.2:
  version "1.85.2"
  resolved "https://registry.yarnpkg.com/create-tamagui/-/create-tamagui-1.85.2.tgz#9cec31bb221a76cb01d61aaac1e67f84c0062ef5"
  integrity sha512-rlOwEmm53StPYiP9c+3VK9wRDO0hjtIdLH4aHrcTsRE0evfxYqq3PQW4Ja/grJchzjlplO1FxWxczZmJ5kdgBw==
